
Microsoft Visual Studio Solution File, Format Version 12.00
# Visual Studio Version 17
VisualStudioVersion = 17.6.33815.320
MinimumVisualStudioVersion = 10.0.40219.1
Project("{FAE04EC0-301F-11D3-BF4B-00C04F79EFBC}") = "soyutlama", "soyutlama\soyutlama.csproj", "{195D08EA-D1AE-448B-8342-7E31DA5A8393}"
EndProject
Global
	GlobalSection(SolutionConfigurationPlatforms) = preSolution
		Debug|Any CPU = Debug|Any CPU
		Release|Any CPU = Release|Any CPU
	EndGlobalSection
	GlobalSection(ProjectConfigurationPlatforms) = postSolution
		{195D08EA-D1AE-448B-8342-7E31DA5A8393}.Debug|Any CPU.ActiveCfg = Debug|Any CPU
		{195D08EA-D1AE-448B-8342-7E31DA5A8393}.Debug|Any CPU.Build.0 = Debug|Any CPU
		{195D08EA-D1AE-448B-8342-7E31DA5A8393}.Release|Any CPU.ActiveCfg = Release|Any CPU
		{195D08EA-D1AE-448B-8342-7E31DA5A8393}.Release|Any CPU.Build.0 = Release|Any CPU
	EndGlobalSection
	GlobalSection(SolutionProperties) = preSolution
		HideSolutionNode = FALSE
	EndGlobalSection
	GlobalSection(ExtensibilityGlobals) = postSolution
		SolutionGuid = {181860A6-89C1-43AA-9582-A32D95730926}
	EndGlobalSection
EndGlobal
